
Microsoft Visual Studio Solution File, Format Version 12.00
# Visual Studio Version 16
VisualStudioVersion = 16.0.29728.190
MinimumVisualStudioVersion = 10.0.40219.1
Project("{159641D6-6404-4A2A-AE62-294DE0FE8301}") = "LDSBC_IT243_DA", "LDSBC_IT243_DA\LDSBC_IT243_DA.dtproj", "{CED38B7C-11E2-4564-A282-CE4CAA7C50AD}"
EndProject
Global
	GlobalSection(SolutionConfigurationPlatforms) = preSolution
		Development|Default = Development|Default
	EndGlobalSection
	GlobalSection(ProjectConfigurationPlatforms) = postSolution
		{CED38B7C-11E2-4564-A282-CE4CAA7C50AD}.Development|Default.ActiveCfg = Development
		{CED38B7C-11E2-4564-A282-CE4CAA7C50AD}.Development|Default.Build.0 = Development
	EndGlobalSection
	GlobalSection(SolutionProperties) = preSolution
		HideSolutionNode = FALSE
	EndGlobalSection
	GlobalSection(ExtensibilityGlobals) = postSolution
		SolutionGuid = {06B90065-E954-489D-91BF-CDFF0DC4B2A0}
	EndGlobalSection
EndGlobal
